// !$*UTF8*$!
{
	archiveVersion = 1;
	classes = {
	};
	objectVersion = 50;
	objects = {

/* Begin PBXBuildFile section */
		225B8DDF212336E00066CED2 /* AppDelegate.swift in Sources */ = {isa = PBXBuildFile; fileRef = 225B8DDE212336E00066CED2 /* AppDelegate.swift */; };
		225B8DE1212336E00066CED2 /* ViewController.swift in Sources */ = {isa = PBXBuildFile; fileRef = 225B8DE0212336E00066CED2 /* ViewController.swift */; };
		225B8DE4212336E00066CED2 /* Main.storyboard in Resources */ = {isa = PBXBuildFile; fileRef = 225B8DE2212336E00066CED2 /* Main.storyboard */; };
		225B8DE7212336E00066CED2 /* CheckedInternet.xcdatamodeld in Sources */ = {isa = PBXBuildFile; fileRef = 225B8DE5212336E00066CED2 /* CheckedInternet.xcdatamodeld */; };
		225B8DE9212336E10066CED2 /* Assets.xcassets in Resources */ = {isa = PBXBuildFile; fileRef = 225B8DE8212336E10066CED2 /* Assets.xcassets */; };
		225B8DEC212336E10066CED2 /* LaunchScreen.storyboard in Resources */ = {isa = PBXBuildFile; fileRef = 225B8DEA212336E10066CED2 /* LaunchScreen.storyboard */; };
/* End PBXBuildFile section */

/* Begin PBXFileReference section */
		225B8DDB212336E00066CED2 /* CheckedInternet.app */ = {isa = PBXFileReference; explicitFileType = wrapper.application; includeInIndex = 0; path = CheckedInternet.app; sourceTree = BUILT_PRODUCTS_DIR; };
		225B8DDE212336E00066CED2 /* AppDelegate.swift */ = {isa = PBXFileReference; lastKnownFileType = sourcecode.swift; path = AppDelegate.swift; sourceTree = "<group>"; };
		225B8DE0212336E00066CED2 /* ViewController.swift */ = {isa = PBXFileReference; lastKnownFileType = sourcecode.swift; path = ViewController.swift; sourceTree = "<group>"; };
		225B8DE3212336E00066CED2 /* Base */ = {isa = PBXFileReference; lastKnownFileType = file.storyboard; name = Base; path = Base.lproj/Main.storyboard; sourceTree = "<group>"; };
		225B8DE6212336E00066CED2 /* CheckedInternet.xcdatamodel */ = {isa = PBXFileReference; lastKnownFileType = wrapper.xcdatamodel; path = CheckedInternet.xcdatamodel; sourceTree = "<group>"; };
		225B8DE8212336E10066CED2 /* Assets.xcassets */ = {isa = PBXFileReference; lastKnownFileType = folder.assetcatalog; path = Assets.xcassets; sourceTree = "<group>"; };
		225B8DEB212336E10066CED2 /* Base */ = {isa = PBXFileReference; lastKnownFileType = file.storyboard; name = Base; path = Base.lproj/LaunchScreen.storyboard; sourceTree = "<group>"; };
		225B8DED212336E10066CED2 /* Info.plist */ = {isa = PBXFileReference; lastKnownFileType = text.plist.xml; path = Info.plist; sourceTree = "<group>"; };
/* End PBXFileReference section */

/* Begin PBXFrameworksBuildPhase section */
		225B8DD8212336E00066CED2 /* Frameworks */ = {
			isa = PBXFrameworksBuildPhase;
			buildActionMask = 2147483647;
			files = (
			);
			runOnlyForDeploymentPostprocessing = 0;
		};
/* End PBXFrameworksBuildPhase section */

/* Begin PBXGroup section */
		225B8DD2212336E00066CED2 = {
			isa = PBXGroup;
			children = (
				225B8DDD212336E00066CED2 /* CheckedInternet */,
				225B8DDC212336E00066CED2 /* Products */,
			);
			sourceTree = "<group>";
		};
		225B8DDC212336E00066CED2 /* Products */ = {
			isa = PBXGroup;
			children = (
				225B8DDB212336E00066CED2 /* CheckedInternet.app */,
			);
			name = Products;
			sourceTree = "<group>";
		};
		225B8DDD212336E00066CED2 /* CheckedInternet */ = {
			isa = PBXGroup;
			children = (
				225B8DDE212336E00066CED2 /* AppDelegate.swift */,
				225B8DE0212336E00066CED2 /* ViewController.swift */,
				225B8DE2212336E00066CED2 /* Main.storyboard */,
				225B8DE8212336E10066CED2 /* Assets.xcassets */,
				225B8DEA212336E10066CED2 /* LaunchScreen.storyboard */,
				225B8DED212336E10066CED2 /* Info.plist */,
				225B8DE5212336E00066CED2 /* CheckedInternet.xcdatamodeld */,
			);
			path = CheckedInternet;
			sourceTree = "<group>";
		};
/* End PBXGroup section */

/* Begin PBXNativeTarget section */
		225B8DDA212336E00066CED2 /* CheckedInternet */ = {
			isa = PBXNativeTarget;
			buildConfigurationList = 225B8DF0212336E10066CED2 /* Build configuration list for PBXNativeTarget "CheckedInternet" */;
			buildPhases = (
				225B8DD7212336E00066CED2 /* Sources */,
				225B8DD8212336E00066CED2 /* Frameworks */,
				225B8DD9212336E00066CED2 /* Resources */,
			);
			buildRules = (
			);
			dependencies = (
			);
			name = CheckedInternet;
			productName = CheckedInternet;
			productReference = 225B8DDB212336E00066CED2 /* CheckedInternet.app */;
			productType = "com.apple.product-type.application";
		};
/* End PBXNativeTarget section */

/* Begin PBXProject section */
		225B8DD3212336E00066CED2 /* Project object */ = {
			isa = PBXProject;
			attributes = {
				LastSwiftUpdateCheck = 0940;
				LastUpgradeCheck = 0940;
				ORGANIZATIONNAME = "Do Hoang Viet";
				TargetAttributes = {
					225B8DDA212336E00066CED2 = {
						CreatedOnToolsVersion = 9.4.1;
					};
				};
			};
			buildConfigurationList = 225B8DD6212336E00066CED2 /* Build configuration list for PBXProject "CheckedInternet" */;
			compatibilityVersion = "Xcode 9.3";
			developmentRegion = en;
			hasScannedForEncodings = 0;
			knownRegions = (
				en,
				Base,
			);
			mainGroup = 225B8DD2212336E00066CED2;
			productRefGroup = 225B8DDC212336E00066CED2 /* Products */;
			projectDirPath = "";
			projectRoot = "";
			targets = (
				225B8DDA212336E00066CED2 /* CheckedInternet */,
			);
		};
/* End PBXProject section */

/* Begin PBXResourcesBuildPhase section */
		225B8DD9212336E00066CED2 /* Resources */ = {
			isa = PBXResourcesBuildPhase;
			buildActionMask = 2147483647;
			files = (
				225B8DEC212336E10066CED2 /* LaunchScreen.storyboard in Resources */,
				225B8DE9212336E10066CED2 /* Assets.xcassets in Resources */,
				225B8DE4212336E00066CED2 /* Main.storyboard in Resources */,
			);
			runOnlyForDeploymentPostprocessing = 0;
		};
/* End PBXResourcesBuildPhase section */

/* Begin PBXSourcesBuildPhase section */
		225B8DD7212336E00066CED2 /* Sources */ = {
			isa = PBXSourcesBuildPhase;
			buildActionMask = 2147483647;
			files = (
				225B8DE1212336E00066CED2 /* ViewController.swift in Sources */,
				225B8DE7212336E00066CED2 /* CheckedInternet.xcdatamodeld in Sources */,
				225B8DDF212336E00066CED2 /* AppDelegate.swift in Sources */,
			);
			runOnlyForDeploymentPostprocessing = 0;
		};
/* End PBXSourcesBuildPhase section */

/* Begin PBXVariantGroup section */
		225B8DE2212336E00066CED2 /* Main.storyboard */ = {
			isa = PBXVariantGroup;
			children = (
				225B8DE3212336E00066CED2 /* Base */,
			);
			name = Main.storyboard;
			sourceTree = "<group>";
		};
		225B8DEA212336E10066CED2 /* LaunchScreen.storyboard */ = {
			isa = PBXVariantGroup;
			children = (
				225B8DEB212336E10066CED2 /* Base */,
			);
			name = LaunchScreen.storyboard;
			sourceTree = "<group>";
		};
/* End PBXVariantGroup section */

/* Begin XCBuildConfiguration section */
		225B8DEE212336E10066CED2 /* Debug */ = {
			isa = XCBuildConfiguration;
			buildSettings = {
				ALWAYS_SEARCH_USER_PATHS = NO;
				CLANG_ANALYZER_NONNULL = YES;
				CLANG_ANALYZER_NUMBER_OBJECT_CONVERSION = YES_AGGRESSIVE;
				CLANG_CXX_LANGUAGE_STANDARD = "gnu++14";
				CLANG_CXX_LIBRARY = "libc++";
				CLANG_ENABLE_MODULES = YES;
				CLANG_ENABLE_OBJC_ARC = YES;
				CLANG_ENABLE_OBJC_WEAK = YES;
				CLANG_WARN_BLOCK_CAPTURE_AUTORELEASING = YES;
				CLANG_WARN_BOOL_CONVERSION = YES;
				CLANG_WARN_COMMA = YES;
				CLANG_WARN_CONSTANT_CONVERSION = YES;
				CLANG_WARN_DEPRECATED_OBJC_IMPLEMENTATIONS = YES;
				CLANG_WARN_DIRECT_OBJC_ISA_USAGE = YES_ERROR;
				CLANG_WARN_DOCUMENTATION_COMMENTS = YES;
				CLANG_WARN_EMPTY_BODY = YES;
				CLANG_WARN_ENUM_CONVERSION = YES;
				CLANG_WARN_INFINITE_RECURSION = YES;
				CLANG_WARN_INT_CONVERSION = YES;
				CLANG_WARN_NON_LITERAL_NULL_CONVERSION = YES;
				CLANG_WARN_OBJC_IMPLICIT_RETAIN_SELF = YES;
				CLANG_WARN_OBJC_LITERAL_CONVERSION = YES;
				CLANG_WARN_OBJC_ROOT_CLASS = YES_ERROR;
				CLANG_WARN_RANGE_LOOP_ANALYSIS = YES;
				CLANG_WARN_STRICT_PROTOTYPES = YES;
				CLANG_WARN_SUSPICIOUS_MOVE = YES;
				CLANG_WARN_UNGUARDED_AVAILABILITY = YES_AGGRESSIVE;
				CLANG_WARN_UNREACHABLE_CODE = YES;
				CLANG_WARN__DUPLICATE_METHOD_MATCH = YES;
				CODE_SIGN_IDENTITY = "iPhone Developer";
				COPY_PHASE_STRIP = NO;
				DEBUG_INFORMATION_FORMAT = dwarf;
				ENABLE_STRICT_OBJC_MSGSEND = YES;
				ENABLE_TESTABILITY = YES;
				GCC_C_LANGUAGE_STANDARD = gnu11;
				GCC_DYNAMIC_NO_PIC = NO;
				GCC_NO_COMMON_BLOCKS = YES;
				GCC_OPTIMIZATION_LEVEL = 0;
				GCC_PREPROCESSOR_DEFINITIONS = (
					"DEBUG=1",
					"$(inherited)",
				);
				GCC_WARN_64_TO_32_BIT_CONVERSION = YES;
				GCC_WARN_ABOUT_RETURN_TYPE = YES_ERROR;
				GCC_WARN_UNDECLARED_SELECTOR = YES;
				GCC_WARN_UNINITIALIZED_AUTOS = YES_AGGRESSIVE;
				GCC_WARN_UNUSED_FUNCTION = YES;
				GCC_WARN_UNUSED_VARIABLE = YES;
				IPHONEOS_DEPLOYMENT_TARGET = 11.4;
				MTL_ENABLE_DEBUG_INFO = YES;
				ONLY_ACTIVE_ARCH = YES;
				SDKROOT = iphoneos;
				SWIFT_ACTIVE_COMPILATION_CONDITIONS = DEBUG;
				SWIFT_OPTIMIZATION_LEVEL = "-Onone";
			};
			name = Debug;
		};
		225B8DEF212336E10066CED2 /* Release */ = {
			isa = XCBuildConfiguration;
			buildSettings = {
				ALWAYS_SEARCH_USER_PATHS = NO;
				CLANG_ANALYZER_NONNULL = YES;
				CLANG_ANALYZER_NUMBER_OBJECT_CONVERSION = YES_AGGRESSIVE;
				CLANG_CXX_LANGUAGE_STANDARD = "gnu++14";
				CLANG_CXX_LIBRARY = "libc++";
				CLANG_ENABLE_MODULES = YES;
				CLANG_ENABLE_OBJC_ARC = YES;
				CLANG_ENABLE_OBJC_WEAK = YES;
				CLANG_WARN_BLOCK_CAPTURE_AUTORELEASING = YES;
				CLANG_WARN_BOOL_CONVERSION = YES;
				CLANG_WARN_COMMA = YES;
				CLANG_WARN_CONSTANT_CONVERSION = YES;
				CLANG_WARN_DEPRECATED_OBJC_IMPLEMENTATIONS = YES;
				CLANG_WARN_DIRECT_OBJC_ISA_USAGE = YES_ERROR;
				CLANG_WARN_DOCUMENTATION_COMMENTS = YES;
				CLANG_WARN_EMPTY_BODY = YES;
				CLANG_WARN_ENUM_CONVERSION = YES;
				CLANG_WARN_INFINITE_RECURSION = YES;
				CLANG_WARN_INT_CONVERSION = YES;
				CLANG_WARN_NON_LITERAL_NULL_CONVERSION = YES;
				CLANG_WARN_OBJC_IMPLICIT_RETAIN_SELF = YES;
				CLANG_WARN_OBJC_LITERAL_CONVERSION = YES;
				CLANG_WARN_OBJC_ROOT_CLASS = YES_ERROR;
				CLANG_WARN_RANGE_LOOP_ANALYSIS = YES;
				CLANG_WARN_STRICT_PROTOTYPES = YES;
				CLANG_WARN_SUSPICIOUS_MOVE = YES;
				CLANG_WARN_UNGUARDED_AVAILABILITY = YES_AGGRESSIVE;
				CLANG_WARN_UNREACHABLE_CODE = YES;
				CLANG_WARN__DUPLICATE_METHOD_MATCH = YES;
				CODE_SIGN_IDENTITY = "iPhone Developer";
				COPY_PHASE_STRIP = NO;
				DEBUG_INFORMATION_FORMAT = "dwarf-with-dsym";
				ENABLE_NS_ASSERTIONS = NO;
				ENABLE_STRICT_OBJC_MSGSEND = YES;
				GCC_C_LANGUAGE_STANDARD = gnu11;
				GCC_NO_COMMON_BLOCKS = YES;
				GCC_WARN_64_TO_32_BIT_CONVERSION = YES;
				GCC_WARN_ABOUT_RETURN_TYPE = YES_ERROR;
				GCC_WARN_UNDECLARED_SELECTOR = YES;
				GCC_WARN_UNINITIALIZED_AUTOS = YES_AGGRESSIVE;
				GCC_WARN_UNUSED_FUNCTION = YES;
				GCC_WARN_UNUSED_VARIABLE = YES;
				IPHONEOS_DEPLOYMENT_TARGET = 11.4;
				MTL_ENABLE_DEBUG_INFO = NO;
				SDKROOT = iphoneos;
				SWIFT_COMPILATION_MODE = wholemodule;
				SWIFT_OPTIMIZATION_LEVEL = "-O";
				VALIDATE_PRODUCT = YES;
			};
			name = Release;
		};
		225B8DF1212336E10066CED2 /* Debug */ = {
			isa = XCBuildConfiguration;
			buildSettings = {
				ASSETCATALOG_COMPILER_APPICON_NAME = AppIcon;
				CODE_SIGN_STYLE = Automatic;
				INFOPLIST_FILE = CheckedInternet/Info.plist;
				LD_RUNPATH_SEARCH_PATHS = (
					"$(inherited)",
					"@executable_path/Frameworks",
				);
				PRODUCT_BUNDLE_IDENTIFIER = dhv.firebase.gettingstarted.CheckedInternet;
				PRODUCT_NAME = "$(TARGET_NAME)";
				SWIFT_VERSION = 4.0;
				TARGETED_DEVICE_FAMILY = "1,2";
			};
			name = Debug;
		};
		225B8DF2212336E10066CED2 /* Release */ = {
			isa = XCBuildConfiguration;
			buildSettings = {
				ASSETCATALOG_COMPILER_APPICON_NAME = AppIcon;
				CODE_SIGN_STYLE = Automatic;
				INFOPLIST_FILE = CheckedInternet/Info.plist;
				LD_RUNPATH_SEARCH_PATHS = (
					"$(inherited)",
					"@executable_path/Frameworks",
				);
				PRODUCT_BUNDLE_IDENTIFIER = dhv.firebase.gettingstarted.CheckedInternet;
				PRODUCT_NAME = "$(TARGET_NAME)";
				SWIFT_VERSION = 4.0;
				TARGETED_DEVICE_FAMILY = "1,2";
			};
			name = Release;
		};
/* End XCBuildConfiguration section */

/* Begin XCConfigurationList section */
		225B8DD6212336E00066CED2 /* Build configuration list for PBXProject "CheckedInternet" */ = {
			isa = XCConfigurationList;
			buildConfigurations = (
				225B8DEE212336E10066CED2 /* Debug */,
				225B8DEF212336E10066CED2 /* Release */,
			);
			defaultConfigurationIsVisible = 0;
			defaultConfigurationName = Release;
		};
		225B8DF0212336E10066CED2 /* Build configuration list for PBXNativeTarget "CheckedInternet" */ = {
			isa = XCConfigurationList;
			buildConfigurations = (
				225B8DF1212336E10066CED2 /* Debug */,
				225B8DF2212336E10066CED2 /* Release */,
			);
			defaultConfigurationIsVisible = 0;
			defaultConfigurationName = Release;
		};
/* End XCConfigurationList section */

/* Begin XCVersionGroup section */
		225B8DE5212336E00066CED2 /* CheckedInternet.xcdatamodeld */ = {
			isa = XCVersionGroup;
			children = (
				225B8DE6212336E00066CED2 /* CheckedInternet.xcdatamodel */,
			);
			currentVersion = 225B8DE6212336E00066CED2 /* CheckedInternet.xcdatamodel */;
			path = CheckedInternet.xcdatamodeld;
			sourceTree = "<group>";
			versionGroupType = wrapper.xcdatamodel;
		};
/* End XCVersionGroup section */
	};
	rootObject = 225B8DD3212336E00066CED2 /* Project object */;
}
